
Microsoft Visual Studio Solution File, Format Version 12.00
# Visual Studio 15
VisualStudioVersion = 15.0.26430.15
MinimumVisualStudioVersion = 10.0.40219.1
Project("{FAE04EC0-301F-11D3-BF4B-00C04F79EFBC}") = "Stealer", "Stealer\Stealer.csproj", "{8ECEFD34-122C-4E9B-8E4A-3F4D85808B98}"
EndProject
Project("{FAE04EC0-301F-11D3-BF4B-00C04F79EFBC}") = "NamingExperiment", "NamingExperiment\NamingExperiment.csproj", "{11C254C3-F84E-448B-8EBE-3F342585AA79}"
EndProject
Global
	GlobalSection(SolutionConfigurationPlatforms) = preSolution
		Debug|Any CPU = Debug|Any CPU
		Release|Any CPU = Release|Any CPU
	EndGlobalSection
	GlobalSection(ProjectConfigurationPlatforms) = postSolution
		{8ECEFD34-122C-4E9B-8E4A-3F4D85808B98}.Debug|Any CPU.ActiveCfg = Debug|Any CPU
		{8ECEFD34-122C-4E9B-8E4A-3F4D85808B98}.Debug|Any CPU.Build.0 = Debug|Any CPU
		{8ECEFD34-122C-4E9B-8E4A-3F4D85808B98}.Release|Any CPU.ActiveCfg = Release|Any CPU
		{8ECEFD34-122C-4E9B-8E4A-3F4D85808B98}.Release|Any CPU.Build.0 = Release|Any CPU
		{11C254C3-F84E-448B-8EBE-3F342585AA79}.Debug|Any CPU.ActiveCfg = Debug|Any CPU
		{11C254C3-F84E-448B-8EBE-3F342585AA79}.Debug|Any CPU.Build.0 = Debug|Any CPU
		{11C254C3-F84E-448B-8EBE-3F342585AA79}.Release|Any CPU.ActiveCfg = Release|Any CPU
		{11C254C3-F84E-448B-8EBE-3F342585AA79}.Release|Any CPU.Build.0 = Release|Any CPU
	EndGlobalSection
	GlobalSection(SolutionProperties) = preSolution
		HideSolutionNode = FALSE
	EndGlobalSection
EndGlobal
