
Microsoft Visual Studio Solution File, Format Version 12.00
# Visual Studio 15
VisualStudioVersion = 15.0.26403.3
MinimumVisualStudioVersion = 10.0.40219.1
Project("{FAE04EC0-301F-11D3-BF4B-00C04F79EFBC}") = "CubicArtillery", "CubicArtillery\CubicArtillery.csproj", "{241132D3-6CC0-492C-8EB1-69E9031F54E2}"
EndProject
Project("{FAE04EC0-301F-11D3-BF4B-00C04F79EFBC}") = "CubicRube", "CubicRube\CubicRube.csproj", "{AEF5531B-1FCC-4B78-97DF-3729D77AAA93}"
EndProject
Project("{FAE04EC0-301F-11D3-BF4B-00C04F79EFBC}") = "CubicsMessages", "CubicsMessages\CubicsMessages.csproj", "{D61DD278-BF19-4125-BA63-DBE891771908}"
EndProject
Project("{FAE04EC0-301F-11D3-BF4B-00C04F79EFBC}") = "CubicAssault", "CubicAssault\CubicAssault.csproj", "{0A490A19-F696-406D-A68B-38ECCDB88A7C}"
EndProject
Global
	GlobalSection(SolutionConfigurationPlatforms) = preSolution
		Debug|Any CPU = Debug|Any CPU
		Release|Any CPU = Release|Any CPU
	EndGlobalSection
	GlobalSection(ProjectConfigurationPlatforms) = postSolution
		{241132D3-6CC0-492C-8EB1-69E9031F54E2}.Debug|Any CPU.ActiveCfg = Debug|Any CPU
		{241132D3-6CC0-492C-8EB1-69E9031F54E2}.Debug|Any CPU.Build.0 = Debug|Any CPU
		{241132D3-6CC0-492C-8EB1-69E9031F54E2}.Release|Any CPU.ActiveCfg = Release|Any CPU
		{241132D3-6CC0-492C-8EB1-69E9031F54E2}.Release|Any CPU.Build.0 = Release|Any CPU
		{AEF5531B-1FCC-4B78-97DF-3729D77AAA93}.Debug|Any CPU.ActiveCfg = Debug|Any CPU
		{AEF5531B-1FCC-4B78-97DF-3729D77AAA93}.Debug|Any CPU.Build.0 = Debug|Any CPU
		{AEF5531B-1FCC-4B78-97DF-3729D77AAA93}.Release|Any CPU.ActiveCfg = Release|Any CPU
		{AEF5531B-1FCC-4B78-97DF-3729D77AAA93}.Release|Any CPU.Build.0 = Release|Any CPU
		{D61DD278-BF19-4125-BA63-DBE891771908}.Debug|Any CPU.ActiveCfg = Debug|Any CPU
		{D61DD278-BF19-4125-BA63-DBE891771908}.Debug|Any CPU.Build.0 = Debug|Any CPU
		{D61DD278-BF19-4125-BA63-DBE891771908}.Release|Any CPU.ActiveCfg = Release|Any CPU
		{D61DD278-BF19-4125-BA63-DBE891771908}.Release|Any CPU.Build.0 = Release|Any CPU
		{0A490A19-F696-406D-A68B-38ECCDB88A7C}.Debug|Any CPU.ActiveCfg = Debug|Any CPU
		{0A490A19-F696-406D-A68B-38ECCDB88A7C}.Debug|Any CPU.Build.0 = Debug|Any CPU
		{0A490A19-F696-406D-A68B-38ECCDB88A7C}.Release|Any CPU.ActiveCfg = Release|Any CPU
		{0A490A19-F696-406D-A68B-38ECCDB88A7C}.Release|Any CPU.Build.0 = Release|Any CPU
	EndGlobalSection
	GlobalSection(SolutionProperties) = preSolution
		HideSolutionNode = FALSE
	EndGlobalSection
EndGlobal
