
Microsoft Visual Studio Solution File, Format Version 12.00
# Visual Studio 15
VisualStudioVersion = 15.0.26430.15
MinimumVisualStudioVersion = 10.0.40219.1
Project("{FAE04EC0-301F-11D3-BF4B-00C04F79EFBC}") = "Regeh", "Regeh\Regeh.csproj", "{847FEA99-E7B5-45E0-AD0F-C20075A23693}"
EndProject
Project("{FAE04EC0-301F-11D3-BF4B-00C04F79EFBC}") = "KnightGame", "KnightGame\KnightGame.csproj", "{3F9CF098-BAE4-4474-9FAD-974336385507}"
EndProject
Project("{FAE04EC0-301F-11D3-BF4B-00C04F79EFBC}") = "NumberWars", "NumberWars\NumberWars.csproj", "{8CABB15E-6551-4450-B8E0-0A564D9C3864}"
EndProject
Project("{FAE04EC0-301F-11D3-BF4B-00C04F79EFBC}") = "Hospital", "Hospital\Hospital.csproj", "{972ABEDC-DD3B-4048-AFCF-385670AFA92C}"
EndProject
Global
	GlobalSection(SolutionConfigurationPlatforms) = preSolution
		Debug|Any CPU = Debug|Any CPU
		Release|Any CPU = Release|Any CPU
	EndGlobalSection
	GlobalSection(ProjectConfigurationPlatforms) = postSolution
		{847FEA99-E7B5-45E0-AD0F-C20075A23693}.Debug|Any CPU.ActiveCfg = Debug|Any CPU
		{847FEA99-E7B5-45E0-AD0F-C20075A23693}.Debug|Any CPU.Build.0 = Debug|Any CPU
		{847FEA99-E7B5-45E0-AD0F-C20075A23693}.Release|Any CPU.ActiveCfg = Release|Any CPU
		{847FEA99-E7B5-45E0-AD0F-C20075A23693}.Release|Any CPU.Build.0 = Release|Any CPU
		{3F9CF098-BAE4-4474-9FAD-974336385507}.Debug|Any CPU.ActiveCfg = Debug|Any CPU
		{3F9CF098-BAE4-4474-9FAD-974336385507}.Debug|Any CPU.Build.0 = Debug|Any CPU
		{3F9CF098-BAE4-4474-9FAD-974336385507}.Release|Any CPU.ActiveCfg = Release|Any CPU
		{3F9CF098-BAE4-4474-9FAD-974336385507}.Release|Any CPU.Build.0 = Release|Any CPU
		{8CABB15E-6551-4450-B8E0-0A564D9C3864}.Debug|Any CPU.ActiveCfg = Debug|Any CPU
		{8CABB15E-6551-4450-B8E0-0A564D9C3864}.Debug|Any CPU.Build.0 = Debug|Any CPU
		{8CABB15E-6551-4450-B8E0-0A564D9C3864}.Release|Any CPU.ActiveCfg = Release|Any CPU
		{8CABB15E-6551-4450-B8E0-0A564D9C3864}.Release|Any CPU.Build.0 = Release|Any CPU
		{972ABEDC-DD3B-4048-AFCF-385670AFA92C}.Debug|Any CPU.ActiveCfg = Debug|Any CPU
		{972ABEDC-DD3B-4048-AFCF-385670AFA92C}.Debug|Any CPU.Build.0 = Debug|Any CPU
		{972ABEDC-DD3B-4048-AFCF-385670AFA92C}.Release|Any CPU.ActiveCfg = Release|Any CPU
		{972ABEDC-DD3B-4048-AFCF-385670AFA92C}.Release|Any CPU.Build.0 = Release|Any CPU
	EndGlobalSection
	GlobalSection(SolutionProperties) = preSolution
		HideSolutionNode = FALSE
	EndGlobalSection
EndGlobal
