
Microsoft Visual Studio Solution File, Format Version 12.00
# Visual Studio 15
VisualStudioVersion = 15.0.26403.3
MinimumVisualStudioVersion = 10.0.40219.1
Project("{FAE04EC0-301F-11D3-BF4B-00C04F79EFBC}") = "DefineAnInterfaceIPerson", "InterfacesExercise\DefineAnInterfaceIPerson.csproj", "{9807AAB7-9411-44C6-87D4-AEF58C44AADE}"
EndProject
Project("{FAE04EC0-301F-11D3-BF4B-00C04F79EFBC}") = "FerrariTask", "FerrariTask\FerrariTask.csproj", "{288BA394-4911-427D-A708-E7B7B89D4650}"
EndProject
Project("{FAE04EC0-301F-11D3-BF4B-00C04F79EFBC}") = "TelephonyTask", "TelephonyTask\TelephonyTask.csproj", "{D2BAB072-2445-49EC-A390-EAB466F258B1}"
EndProject
Project("{FAE04EC0-301F-11D3-BF4B-00C04F79EFBC}") = "BorderControl", "BorderControl\BorderControl.csproj", "{26FE3B84-D1FA-4310-8629-52AF7C402FFD}"
EndProject
Global
	GlobalSection(SolutionConfigurationPlatforms) = preSolution
		Debug|Any CPU = Debug|Any CPU
		Release|Any CPU = Release|Any CPU
	EndGlobalSection
	GlobalSection(ProjectConfigurationPlatforms) = postSolution
		{9807AAB7-9411-44C6-87D4-AEF58C44AADE}.Debug|Any CPU.ActiveCfg = Debug|Any CPU
		{9807AAB7-9411-44C6-87D4-AEF58C44AADE}.Debug|Any CPU.Build.0 = Debug|Any CPU
		{9807AAB7-9411-44C6-87D4-AEF58C44AADE}.Release|Any CPU.ActiveCfg = Release|Any CPU
		{9807AAB7-9411-44C6-87D4-AEF58C44AADE}.Release|Any CPU.Build.0 = Release|Any CPU
		{288BA394-4911-427D-A708-E7B7B89D4650}.Debug|Any CPU.ActiveCfg = Debug|Any CPU
		{288BA394-4911-427D-A708-E7B7B89D4650}.Debug|Any CPU.Build.0 = Debug|Any CPU
		{288BA394-4911-427D-A708-E7B7B89D4650}.Release|Any CPU.ActiveCfg = Release|Any CPU
		{288BA394-4911-427D-A708-E7B7B89D4650}.Release|Any CPU.Build.0 = Release|Any CPU
		{D2BAB072-2445-49EC-A390-EAB466F258B1}.Debug|Any CPU.ActiveCfg = Debug|Any CPU
		{D2BAB072-2445-49EC-A390-EAB466F258B1}.Debug|Any CPU.Build.0 = Debug|Any CPU
		{D2BAB072-2445-49EC-A390-EAB466F258B1}.Release|Any CPU.ActiveCfg = Release|Any CPU
		{D2BAB072-2445-49EC-A390-EAB466F258B1}.Release|Any CPU.Build.0 = Release|Any CPU
		{26FE3B84-D1FA-4310-8629-52AF7C402FFD}.Debug|Any CPU.ActiveCfg = Debug|Any CPU
		{26FE3B84-D1FA-4310-8629-52AF7C402FFD}.Debug|Any CPU.Build.0 = Debug|Any CPU
		{26FE3B84-D1FA-4310-8629-52AF7C402FFD}.Release|Any CPU.ActiveCfg = Release|Any CPU
		{26FE3B84-D1FA-4310-8629-52AF7C402FFD}.Release|Any CPU.Build.0 = Release|Any CPU
	EndGlobalSection
	GlobalSection(SolutionProperties) = preSolution
		HideSolutionNode = FALSE
	EndGlobalSection
EndGlobal
